{
    "name": "ua-benchmarker",
    "version": "0.0.0",
    "lockfileVersion": 2,
    "requires": true,
    "packages": {
        "": {
            "name": "ua-benchmarker",
            "version": "0.0.0",
            "dependencies": {
                "benchmark": "",
                "microtime": "",
                "ua-parser": "0.3.1",
                "useragent": "2.3.0",
                "useragent_parser": "1.0.0",
                "useragent-ng": "2.4.1",
                "useragent-parser": "0.1.1"
            }
        },
        "node_modules/benchmark": {
            "version": "2.1.4",
            "resolved": "https://registry.npmjs.org/benchmark/-/benchmark-2.1.4.tgz",
            "integrity": "sha512-l9MlfN4M1K/H2fbhfMy3B7vJd6AGKJVQn2h6Sg/Yx+KckoUA7ewS5Vv6TjSq18ooE1kS9hhAlQRH3AkXIh/aOQ==",
            "dependencies": {
                "lodash": "^4.17.4",
                "platform": "^1.3.3"
            }
        },
        "node_modules/lodash": {
            "version": "4.17.21",
            "resolved": "https://registry.npmjs.org/lodash/-/lodash-4.17.21.tgz",
            "integrity": "sha512-v2kDEe57lecTulaDIuNTPy3Ry4gLGJ6Z1O3vE1krgXZNrsQ+LFTGHVxVjcXPs17LhbZVGedAJv8XZ1tvj5FvSg=="
        },
        "node_modules/lru-cache": {
            "version": "4.1.5",
            "resolved": "https://registry.npmjs.org/lru-cache/-/lru-cache-4.1.5.tgz",
            "integrity": "sha512-sWZlbEP2OsHNkXrMl5GYk/jKk70MBng6UU4YI/qGDYbgf6YbP4EvmqISbXCoJiRKs+1bSpFHVgQxvJ17F2li5g==",
            "dependencies": {
                "pseudomap": "^1.0.2",
                "yallist": "^2.1.2"
            }
        },
        "node_modules/microtime": {
            "version": "3.1.1",
            "resolved": "https://registry.npmjs.org/microtime/-/microtime-3.1.1.tgz",
            "integrity": "sha512-to1r7o24cDsud9IhN6/8wGmMx5R2kT0w2Xwm5okbYI3d1dk6Xv0m+Z+jg2vS9pt+ocgQHTCtgs/YuyJhySzxNg==",
            "hasInstallScript": true,
            "dependencies": {
                "node-addon-api": "^5.0.0",
                "node-gyp-build": "^4.4.0"
            },
            "engines": {
                "node": ">= 14.13.0"
            }
        },
        "node_modules/node-addon-api": {
            "version": "5.0.0",
            "resolved": "https://registry.npmjs.org/node-addon-api/-/node-addon-api-5.0.0.tgz",
            "integrity": "sha512-CvkDw2OEnme7ybCykJpVcKH+uAOLV2qLqiyla128dN9TkEWfrYmxG6C2boDe5KcNQqZF3orkqzGgOMvZ/JNekA=="
        },
        "node_modules/node-gyp-build": {
            "version": "4.5.0",
            "resolved": "https://registry.npmjs.org/node-gyp-build/-/node-gyp-build-4.5.0.tgz",
            "integrity": "sha512-2iGbaQBV+ITgCz76ZEjmhUKAKVf7xfY1sRl4UiKQspfZMH2h06SyhNsnSVy50cwkFQDGLyif6m/6uFXHkOZ6rg==",
            "bin": {
                "node-gyp-build": "bin.js",
                "node-gyp-build-optional": "optional.js",
                "node-gyp-build-test": "build-test.js"
            }
        },
        "node_modules/os-tmpdir": {
            "version": "1.0.2",
            "resolved": "https://registry.npmjs.org/os-tmpdir/-/os-tmpdir-1.0.2.tgz",
            "integrity": "sha512-D2FR03Vir7FIu45XBY20mTb+/ZSWB00sjU9jdQXt83gDrI4Ztz5Fs7/yy74g2N5SVQY4xY1qDr4rNddwYRVX0g==",
            "engines": {
                "node": ">=0.10.0"
            }
        },
        "node_modules/platform": {
            "version": "1.3.6",
            "resolved": "https://registry.npmjs.org/platform/-/platform-1.3.6.tgz",
            "integrity": "sha512-fnWVljUchTro6RiCFvCXBbNhJc2NijN7oIQxbwsyL0buWJPG85v81ehlHI9fXrJsMNgTofEoWIQeClKpgxFLrg=="
        },
        "node_modules/pseudomap": {
            "version": "1.0.2",
            "resolved": "https://registry.npmjs.org/pseudomap/-/pseudomap-1.0.2.tgz",
            "integrity": "sha512-b/YwNhb8lk1Zz2+bXXpS/LK9OisiZZ1SNsSLxN1x2OXVEhW2Ckr/7mWE5vrC1ZTiJlD9g19jWszTmJsB+oEpFQ=="
        },
        "node_modules/tmp": {
            "version": "0.0.33",
            "resolved": "https://registry.npmjs.org/tmp/-/tmp-0.0.33.tgz",
            "integrity": "sha512-jRCJlojKnZ3addtTOjdIqoRuPEKBvNXcGYqzO6zWZX8KfKEpnGY5jfggJQ3EjKuu8D4bJRr0y+cYJFmYbImXGw==",
            "dependencies": {
                "os-tmpdir": "~1.0.2"
            },
            "engines": {
                "node": ">=0.6.0"
            }
        },
        "node_modules/ua-parser": {
            "version": "0.3.1",
            "resolved": "https://registry.npmjs.org/ua-parser/-/ua-parser-0.3.1.tgz",
            "integrity": "sha512-J8CR4p/UL1hb7/7tyHkXwJlszECJzN197L0ftx8nntHfa0SuhMB6jV7jHCDBFbxPYSomgGoUBNiqO0oOQo5Zfw==",
            "dependencies": {
                "yamlparser": ">=0.0.2"
            }
        },
        "node_modules/uap-core": {
            "version": "0.16.0",
            "resolved": "https://registry.npmjs.org/uap-core/-/uap-core-0.16.0.tgz",
            "integrity": "sha512-NwObJD5EgDPGWp86fvpyu94UBlYtHUIrk7F2n5J7bf3Cpu8X80qB7n6taM2gFhZGiKmlU/zUQ09Mc/yFgewnLg=="
        },
        "node_modules/useragent": {
            "version": "2.3.0",
            "resolved": "https://registry.npmjs.org/useragent/-/useragent-2.3.0.tgz",
            "integrity": "sha512-4AoH4pxuSvHCjqLO04sU6U/uE65BYza8l/KKBS0b0hnUPWi+cQ2BpeTEwejCSx9SPV5/U03nniDTrWx5NrmKdw==",
            "dependencies": {
                "lru-cache": "4.1.x",
                "tmp": "0.0.x"
            }
        },
        "node_modules/useragent_parser": {
            "version": "1.0.0",
            "resolved": "https://registry.npmjs.org/useragent_parser/-/useragent_parser-1.0.0.tgz",
            "integrity": "sha512-U0pUnViD/SqAsNjxdA7fA2SuntVzQznRv4XXQuIy881a2C7sN1Nl7l7V6I/M9VP7fRoJJxR9WFVDu0hG7o7QQw==",
            "engines": {
                "node": ">=0.2.3"
            }
        },
        "node_modules/useragent-ng": {
            "version": "2.4.1",
            "resolved": "https://registry.npmjs.org/useragent-ng/-/useragent-ng-2.4.1.tgz",
            "integrity": "sha512-XPGSo3Pzvdk007FPIQJaCz/ZxxHQkzahc97zV1gQVl3STcVNFOF0N6O5EkiHaMt7vYal/hUztY6hzXbMPfKiHg==",
            "hasInstallScript": true,
            "dependencies": {
                "lru-cache": "^7.14.0",
                "uap-core": "^0.16.0",
                "yamlparser": "0.0.2"
            }
        },
        "node_modules/useragent-ng/node_modules/lru-cache": {
            "version": "7.14.0",
            "resolved": "https://registry.npmjs.org/lru-cache/-/lru-cache-7.14.0.tgz",
            "integrity": "sha512-EIRtP1GrSJny0dqb50QXRUNBxHJhcpxHC++M5tD7RYbvLLn5KVWKsbyswSSqDuU15UFi3bgTQIY8nhDMeF6aDQ==",
            "engines": {
                "node": ">=12"
            }
        },
        "node_modules/useragent-parser": {
            "version": "0.1.1",
            "resolved": "https://registry.npmjs.org/useragent-parser/-/useragent-parser-0.1.1.tgz",
            "integrity": "sha512-vRLJBgAztEUEvdrP1dO3TEUr/ZM1S6WJTqqNHK3swPw/vMNSZzupWhOCZ/0DpYcypBixR6716EAH1z3ISCbbRQ=="
        },
        "node_modules/yallist": {
            "version": "2.1.2",
            "resolved": "https://registry.npmjs.org/yallist/-/yallist-2.1.2.tgz",
            "integrity": "sha512-ncTzHV7NvsQZkYe1DW7cbDLm0YpzHmZF5r/iyP3ZnQtMiJ+pjzisCiMNI+Sj+xQF5pXhSHxSB3uDbsBTzY/c2A=="
        },
        "node_modules/yamlparser": {
            "version": "0.0.2",
            "resolved": "https://registry.npmjs.org/yamlparser/-/yamlparser-0.0.2.tgz",
            "integrity": "sha512-Cou9FCGblEENtn1/8La5wkDM/ISMh2bzu5Wh7dYzCzA0o9jD4YGyLkUJxe84oPBGoB92f+Oy4ZjVhA8S0C2wlQ=="
        }
    },
    "dependencies": {
        "benchmark": {
            "version": "2.1.4",
            "resolved": "https://registry.npmjs.org/benchmark/-/benchmark-2.1.4.tgz",
            "integrity": "sha512-l9MlfN4M1K/H2fbhfMy3B7vJd6AGKJVQn2h6Sg/Yx+KckoUA7ewS5Vv6TjSq18ooE1kS9hhAlQRH3AkXIh/aOQ==",
            "requires": {
                "lodash": "^4.17.4",
                "platform": "^1.3.3"
            }
        },
        "lodash": {
            "version": "4.17.21",
            "resolved": "https://registry.npmjs.org/lodash/-/lodash-4.17.21.tgz",
            "integrity": "sha512-v2kDEe57lecTulaDIuNTPy3Ry4gLGJ6Z1O3vE1krgXZNrsQ+LFTGHVxVjcXPs17LhbZVGedAJv8XZ1tvj5FvSg=="
        },
        "lru-cache": {
            "version": "4.1.5",
            "resolved": "https://registry.npmjs.org/lru-cache/-/lru-cache-4.1.5.tgz",
            "integrity": "sha512-sWZlbEP2OsHNkXrMl5GYk/jKk70MBng6UU4YI/qGDYbgf6YbP4EvmqISbXCoJiRKs+1bSpFHVgQxvJ17F2li5g==",
            "requires": {
                "pseudomap": "^1.0.2",
                "yallist": "^2.1.2"
            }
        },
        "microtime": {
            "version": "3.1.1",
            "resolved": "https://registry.npmjs.org/microtime/-/microtime-3.1.1.tgz",
            "integrity": "sha512-to1r7o24cDsud9IhN6/8wGmMx5R2kT0w2Xwm5okbYI3d1dk6Xv0m+Z+jg2vS9pt+ocgQHTCtgs/YuyJhySzxNg==",
            "requires": {
                "node-addon-api": "^5.0.0",
                "node-gyp-build": "^4.4.0"
            }
        },
        "node-addon-api": {
            "version": "5.0.0",
            "resolved": "https://registry.npmjs.org/node-addon-api/-/node-addon-api-5.0.0.tgz",
            "integrity": "sha512-CvkDw2OEnme7ybCykJpVcKH+uAOLV2qLqiyla128dN9TkEWfrYmxG6C2boDe5KcNQqZF3orkqzGgOMvZ/JNekA=="
        },
        "node-gyp-build": {
            "version": "4.5.0",
            "resolved": "https://registry.npmjs.org/node-gyp-build/-/node-gyp-build-4.5.0.tgz",
            "integrity": "sha512-2iGbaQBV+ITgCz76ZEjmhUKAKVf7xfY1sRl4UiKQspfZMH2h06SyhNsnSVy50cwkFQDGLyif6m/6uFXHkOZ6rg=="
        },
        "os-tmpdir": {
            "version": "1.0.2",
            "resolved": "https://registry.npmjs.org/os-tmpdir/-/os-tmpdir-1.0.2.tgz",
            "integrity": "sha512-D2FR03Vir7FIu45XBY20mTb+/ZSWB00sjU9jdQXt83gDrI4Ztz5Fs7/yy74g2N5SVQY4xY1qDr4rNddwYRVX0g=="
        },
        "platform": {
            "version": "1.3.6",
            "resolved": "https://registry.npmjs.org/platform/-/platform-1.3.6.tgz",
            "integrity": "sha512-fnWVljUchTro6RiCFvCXBbNhJc2NijN7oIQxbwsyL0buWJPG85v81ehlHI9fXrJsMNgTofEoWIQeClKpgxFLrg=="
        },
        "pseudomap": {
            "version": "1.0.2",
            "resolved": "https://registry.npmjs.org/pseudomap/-/pseudomap-1.0.2.tgz",
            "integrity": "sha512-b/YwNhb8lk1Zz2+bXXpS/LK9OisiZZ1SNsSLxN1x2OXVEhW2Ckr/7mWE5vrC1ZTiJlD9g19jWszTmJsB+oEpFQ=="
        },
        "tmp": {
            "version": "0.0.33",
            "resolved": "https://registry.npmjs.org/tmp/-/tmp-0.0.33.tgz",
            "integrity": "sha512-jRCJlojKnZ3addtTOjdIqoRuPEKBvNXcGYqzO6zWZX8KfKEpnGY5jfggJQ3EjKuu8D4bJRr0y+cYJFmYbImXGw==",
            "requires": {
                "os-tmpdir": "~1.0.2"
            }
        },
        "ua-parser": {
            "version": "0.3.1",
            "resolved": "https://registry.npmjs.org/ua-parser/-/ua-parser-0.3.1.tgz",
            "integrity": "sha512-J8CR4p/UL1hb7/7tyHkXwJlszECJzN197L0ftx8nntHfa0SuhMB6jV7jHCDBFbxPYSomgGoUBNiqO0oOQo5Zfw==",
            "requires": {
                "yamlparser": ">=0.0.2"
            }
        },
        "uap-core": {
            "version": "0.16.0",
            "resolved": "https://registry.npmjs.org/uap-core/-/uap-core-0.16.0.tgz",
            "integrity": "sha512-NwObJD5EgDPGWp86fvpyu94UBlYtHUIrk7F2n5J7bf3Cpu8X80qB7n6taM2gFhZGiKmlU/zUQ09Mc/yFgewnLg=="
        },
        "useragent": {
            "version": "2.3.0",
            "resolved": "https://registry.npmjs.org/useragent/-/useragent-2.3.0.tgz",
            "integrity": "sha512-4AoH4pxuSvHCjqLO04sU6U/uE65BYza8l/KKBS0b0hnUPWi+cQ2BpeTEwejCSx9SPV5/U03nniDTrWx5NrmKdw==",
            "requires": {
                "lru-cache": "4.1.x",
                "tmp": "0.0.x"
            }
        },
        "useragent_parser": {
            "version": "1.0.0",
            "resolved": "https://registry.npmjs.org/useragent_parser/-/useragent_parser-1.0.0.tgz",
            "integrity": "sha512-U0pUnViD/SqAsNjxdA7fA2SuntVzQznRv4XXQuIy881a2C7sN1Nl7l7V6I/M9VP7fRoJJxR9WFVDu0hG7o7QQw=="
        },
        "useragent-ng": {
            "version": "2.4.1",
            "resolved": "https://registry.npmjs.org/useragent-ng/-/useragent-ng-2.4.1.tgz",
            "integrity": "sha512-XPGSo3Pzvdk007FPIQJaCz/ZxxHQkzahc97zV1gQVl3STcVNFOF0N6O5EkiHaMt7vYal/hUztY6hzXbMPfKiHg==",
            "requires": {
                "lru-cache": "^7.14.0",
                "uap-core": "^0.16.0",
                "yamlparser": "0.0.2"
            },
            "dependencies": {
                "lru-cache": {
                    "version": "7.14.0",
                    "resolved": "https://registry.npmjs.org/lru-cache/-/lru-cache-7.14.0.tgz",
                    "integrity": "sha512-EIRtP1GrSJny0dqb50QXRUNBxHJhcpxHC++M5tD7RYbvLLn5KVWKsbyswSSqDuU15UFi3bgTQIY8nhDMeF6aDQ=="
                }
            }
        },
        "useragent-parser": {
            "version": "0.1.1",
            "resolved": "https://registry.npmjs.org/useragent-parser/-/useragent-parser-0.1.1.tgz",
            "integrity": "sha512-vRLJBgAztEUEvdrP1dO3TEUr/ZM1S6WJTqqNHK3swPw/vMNSZzupWhOCZ/0DpYcypBixR6716EAH1z3ISCbbRQ=="
        },
        "yallist": {
            "version": "2.1.2",
            "resolved": "https://registry.npmjs.org/yallist/-/yallist-2.1.2.tgz",
            "integrity": "sha512-ncTzHV7NvsQZkYe1DW7cbDLm0YpzHmZF5r/iyP3ZnQtMiJ+pjzisCiMNI+Sj+xQF5pXhSHxSB3uDbsBTzY/c2A=="
        },
        "yamlparser": {
            "version": "0.0.2",
            "resolved": "https://registry.npmjs.org/yamlparser/-/yamlparser-0.0.2.tgz",
            "integrity": "sha512-Cou9FCGblEENtn1/8La5wkDM/ISMh2bzu5Wh7dYzCzA0o9jD4YGyLkUJxe84oPBGoB92f+Oy4ZjVhA8S0C2wlQ=="
        }
    }
}
